
Microsoft Visual Studio Solution File, Format Version 12.00
# Visual Studio Version 16
VisualStudioVersion = 16.0.31624.102
MinimumVisualStudioVersion = 10.0.40219.1
Project("{FAE04EC0-301F-11D3-BF4B-00C04F79EFBC}") = "DialougeToHtmlTable", "DialougeToHtmlTable\DialougeToHtmlTable.csproj", "{67E0D24E-1771-42A7-8EF0-E13E7F989C03}"
EndProject
Global
	GlobalSection(SolutionConfigurationPlatforms) = preSolution
		Debug|Any CPU = Debug|Any CPU
		Release|Any CPU = Release|Any CPU
	EndGlobalSection
	GlobalSection(ProjectConfigurationPlatforms) = postSolution
		{67E0D24E-1771-42A7-8EF0-E13E7F989C03}.Debug|Any CPU.ActiveCfg = Debug|Any CPU
		{67E0D24E-1771-42A7-8EF0-E13E7F989C03}.Debug|Any CPU.Build.0 = Debug|Any CPU
		{67E0D24E-1771-42A7-8EF0-E13E7F989C03}.Release|Any CPU.ActiveCfg = Release|Any CPU
		{67E0D24E-1771-42A7-8EF0-E13E7F989C03}.Release|Any CPU.Build.0 = Release|Any CPU
	EndGlobalSection
	GlobalSection(SolutionProperties) = preSolution
		HideSolutionNode = FALSE
	EndGlobalSection
	GlobalSection(ExtensibilityGlobals) = postSolution
		SolutionGuid = {2633539D-7C69-41B4-BCC2-ECA7024E9CB5}
	EndGlobalSection
EndGlobal
