
Microsoft Visual Studio Solution File, Format Version 12.00
# Visual Studio Version 17
VisualStudioVersion = 17.5.33209.295
MinimumVisualStudioVersion = 10.0.40219.1
Project("{FAE04EC0-301F-11D3-BF4B-00C04F79EFBC}") = "HtmlTableGenerator", "HtmlTableGenerator\HtmlTableGenerator.csproj", "{BDF95BDB-07C6-4193-9FBA-E652CF236019}"
EndProject
Global
	GlobalSection(SolutionConfigurationPlatforms) = preSolution
		Debug|Any CPU = Debug|Any CPU
		Release|Any CPU = Release|Any CPU
	EndGlobalSection
	GlobalSection(ProjectConfigurationPlatforms) = postSolution
		{BDF95BDB-07C6-4193-9FBA-E652CF236019}.Debug|Any CPU.ActiveCfg = Debug|Any CPU
		{BDF95BDB-07C6-4193-9FBA-E652CF236019}.Debug|Any CPU.Build.0 = Debug|Any CPU
		{BDF95BDB-07C6-4193-9FBA-E652CF236019}.Release|Any CPU.ActiveCfg = Release|Any CPU
		{BDF95BDB-07C6-4193-9FBA-E652CF236019}.Release|Any CPU.Build.0 = Release|Any CPU
	EndGlobalSection
	GlobalSection(SolutionProperties) = preSolution
		HideSolutionNode = FALSE
	EndGlobalSection
	GlobalSection(ExtensibilityGlobals) = postSolution
		SolutionGuid = {34B9D9A1-FF41-4A92-A2BE-9BC3EEFACC3C}
	EndGlobalSection
EndGlobal
